
Microsoft Visual Studio Solution File, Format Version 12.00
# Visual Studio Version 17
VisualStudioVersion = 17.14.36109.1 d17.14
MinimumVisualStudioVersion = 10.0.40219.1
Project("{FAE04EC0-301F-11D3-BF4B-00C04F79EFBC}") = "GioiThieuNhaHang", "GioiThieuNhaHang\GioiThieuNhaHang.csproj", "{8ED5D254-3BAF-4663-B30E-A17160F2BB78}"
EndProject
Global
	GlobalSection(SolutionConfigurationPlatforms) = preSolution
		Debug|Any CPU = Debug|Any CPU
		Release|Any CPU = Release|Any CPU
	EndGlobalSection
	GlobalSection(ProjectConfigurationPlatforms) = postSolution
		{8ED5D254-3BAF-4663-B30E-A17160F2BB78}.Debug|Any CPU.ActiveCfg = Debug|Any CPU
		{8ED5D254-3BAF-4663-B30E-A17160F2BB78}.Debug|Any CPU.Build.0 = Debug|Any CPU
		{8ED5D254-3BAF-4663-B30E-A17160F2BB78}.Release|Any CPU.ActiveCfg = Release|Any CPU
		{8ED5D254-3BAF-4663-B30E-A17160F2BB78}.Release|Any CPU.Build.0 = Release|Any CPU
	EndGlobalSection
	GlobalSection(SolutionProperties) = preSolution
		HideSolutionNode = FALSE
	EndGlobalSection
	GlobalSection(ExtensibilityGlobals) = postSolution
		SolutionGuid = {C369DC45-C241-4F1F-8CE4-31681AC14096}
	EndGlobalSection
EndGlobal
